// !$*UTF8*$!
{
	archiveVersion = 1;
	classes = {
	};
	objectVersion = 56;
	objects = {

/* Begin PBXBuildFile section */
		297C8AC32C3F88D80025D508 /* RMOrigin.swift in Sources */ = {isa = PBXBuildFile; fileRef = 297C8AC22C3F88D80025D508 /* RMOrigin.swift */; };
		297C8AC52C3F896B0025D508 /* RMSingleLocation.swift in Sources */ = {isa = PBXBuildFile; fileRef = 297C8AC42C3F896B0025D508 /* RMSingleLocation.swift */; };
		297C8AC72C3F95E00025D508 /* RMCharacterStatus.swift in Sources */ = {isa = PBXBuildFile; fileRef = 297C8AC62C3F95E00025D508 /* RMCharacterStatus.swift */; };
		297C8AC92C3F961D0025D508 /* RMCharacterGender.swift in Sources */ = {isa = PBXBuildFile; fileRef = 297C8AC82C3F961D0025D508 /* RMCharacterGender.swift */; };
		29CD3ECF2C2BCB03003573CB /* RMEndpoint.swift in Sources */ = {isa = PBXBuildFile; fileRef = 29CD3ECE2C2BCB03003573CB /* RMEndpoint.swift */; };
		29DC669D2C2B2CC5005F781C /* RMService.swift in Sources */ = {isa = PBXBuildFile; fileRef = 29DC669C2C2B2CC5005F781C /* RMService.swift */; };
		29DC669F2C2B2D06005F781C /* RMRequest.swift in Sources */ = {isa = PBXBuildFile; fileRef = 29DC669E2C2B2D06005F781C /* RMRequest.swift */; };
		29E6BC6A2C2A95AA007AA71E /* RMLocation.swift in Sources */ = {isa = PBXBuildFile; fileRef = 29E6BC692C2A95AA007AA71E /* RMLocation.swift */; };
		29E6BC6C2C2A95C4007AA71E /* RMCharacter.swift in Sources */ = {isa = PBXBuildFile; fileRef = 29E6BC6B2C2A95C4007AA71E /* RMCharacter.swift */; };
		29E6BC6E2C2A95DC007AA71E /* RMEpisode.swift in Sources */ = {isa = PBXBuildFile; fileRef = 29E6BC6D2C2A95DC007AA71E /* RMEpisode.swift */; };
		29E6BC712C2A96A9007AA71E /* RMCharacterViewController.swift in Sources */ = {isa = PBXBuildFile; fileRef = 29E6BC702C2A96A9007AA71E /* RMCharacterViewController.swift */; };
		29E6BC732C2A96C2007AA71E /* RMLocationViewController.swift in Sources */ = {isa = PBXBuildFile; fileRef = 29E6BC722C2A96C2007AA71E /* RMLocationViewController.swift */; };
		29E6BC752C2A96D9007AA71E /* RMEpisodeViewController.swift in Sources */ = {isa = PBXBuildFile; fileRef = 29E6BC742C2A96D9007AA71E /* RMEpisodeViewController.swift */; };
		29E6BC772C2A96F1007AA71E /* RMSettingsViewController.swift in Sources */ = {isa = PBXBuildFile; fileRef = 29E6BC762C2A96F1007AA71E /* RMSettingsViewController.swift */; };
		29EE0A662C2755DE00F5E249 /* AppDelegate.swift in Sources */ = {isa = PBXBuildFile; fileRef = 29EE0A652C2755DE00F5E249 /* AppDelegate.swift */; };
		29EE0A682C2755DE00F5E249 /* SceneDelegate.swift in Sources */ = {isa = PBXBuildFile; fileRef = 29EE0A672C2755DE00F5E249 /* SceneDelegate.swift */; };
		29EE0A6A2C2755DE00F5E249 /* RMTabViewController.swift in Sources */ = {isa = PBXBuildFile; fileRef = 29EE0A692C2755DE00F5E249 /* RMTabViewController.swift */; };
		29EE0A6F2C2755E000F5E249 /* Assets.xcassets in Resources */ = {isa = PBXBuildFile; fileRef = 29EE0A6E2C2755E000F5E249 /* Assets.xcassets */; };
		29EE0A722C2755E000F5E249 /* Base in Resources */ = {isa = PBXBuildFile; fileRef = 29EE0A712C2755E000F5E249 /* Base */; };
/* End PBXBuildFile section */

/* Begin PBXFileReference section */
		297C8AC22C3F88D80025D508 /* RMOrigin.swift */ = {isa = PBXFileReference; lastKnownFileType = sourcecode.swift; path = RMOrigin.swift; sourceTree = "<group>"; };
		297C8AC42C3F896B0025D508 /* RMSingleLocation.swift */ = {isa = PBXFileReference; lastKnownFileType = sourcecode.swift; path = RMSingleLocation.swift; sourceTree = "<group>"; };
		297C8AC62C3F95E00025D508 /* RMCharacterStatus.swift */ = {isa = PBXFileReference; lastKnownFileType = sourcecode.swift; path = RMCharacterStatus.swift; sourceTree = "<group>"; };
		297C8AC82C3F961D0025D508 /* RMCharacterGender.swift */ = {isa = PBXFileReference; lastKnownFileType = sourcecode.swift; path = RMCharacterGender.swift; sourceTree = "<group>"; };
		29CD3ECE2C2BCB03003573CB /* RMEndpoint.swift */ = {isa = PBXFileReference; lastKnownFileType = sourcecode.swift; path = RMEndpoint.swift; sourceTree = "<group>"; };
		29DC669C2C2B2CC5005F781C /* RMService.swift */ = {isa = PBXFileReference; lastKnownFileType = sourcecode.swift; path = RMService.swift; sourceTree = "<group>"; };
		29DC669E2C2B2D06005F781C /* RMRequest.swift */ = {isa = PBXFileReference; lastKnownFileType = sourcecode.swift; path = RMRequest.swift; sourceTree = "<group>"; };
		29E6BC692C2A95AA007AA71E /* RMLocation.swift */ = {isa = PBXFileReference; lastKnownFileType = sourcecode.swift; path = RMLocation.swift; sourceTree = "<group>"; };
		29E6BC6B2C2A95C4007AA71E /* RMCharacter.swift */ = {isa = PBXFileReference; lastKnownFileType = sourcecode.swift; path = RMCharacter.swift; sourceTree = "<group>"; };
		29E6BC6D2C2A95DC007AA71E /* RMEpisode.swift */ = {isa = PBXFileReference; lastKnownFileType = sourcecode.swift; path = RMEpisode.swift; sourceTree = "<group>"; };
		29E6BC702C2A96A9007AA71E /* RMCharacterViewController.swift */ = {isa = PBXFileReference; lastKnownFileType = sourcecode.swift; path = RMCharacterViewController.swift; sourceTree = "<group>"; };
		29E6BC722C2A96C2007AA71E /* RMLocationViewController.swift */ = {isa = PBXFileReference; lastKnownFileType = sourcecode.swift; path = RMLocationViewController.swift; sourceTree = "<group>"; };
		29E6BC742C2A96D9007AA71E /* RMEpisodeViewController.swift */ = {isa = PBXFileReference; lastKnownFileType = sourcecode.swift; path = RMEpisodeViewController.swift; sourceTree = "<group>"; };
		29E6BC762C2A96F1007AA71E /* RMSettingsViewController.swift */ = {isa = PBXFileReference; lastKnownFileType = sourcecode.swift; path = RMSettingsViewController.swift; sourceTree = "<group>"; };
		29EE0A622C2755DE00F5E249 /* RickAndMortyAPI.app */ = {isa = PBXFileReference; explicitFileType = wrapper.application; includeInIndex = 0; path = RickAndMortyAPI.app; sourceTree = BUILT_PRODUCTS_DIR; };
		29EE0A652C2755DE00F5E249 /* AppDelegate.swift */ = {isa = PBXFileReference; lastKnownFileType = sourcecode.swift; path = AppDelegate.swift; sourceTree = "<group>"; };
		29EE0A672C2755DE00F5E249 /* SceneDelegate.swift */ = {isa = PBXFileReference; lastKnownFileType = sourcecode.swift; path = SceneDelegate.swift; sourceTree = "<group>"; };
		29EE0A692C2755DE00F5E249 /* RMTabViewController.swift */ = {isa = PBXFileReference; lastKnownFileType = sourcecode.swift; path = RMTabViewController.swift; sourceTree = "<group>"; };
		29EE0A6E2C2755E000F5E249 /* Assets.xcassets */ = {isa = PBXFileReference; lastKnownFileType = folder.assetcatalog; path = Assets.xcassets; sourceTree = "<group>"; };
		29EE0A712C2755E000F5E249 /* Base */ = {isa = PBXFileReference; lastKnownFileType = file.storyboard; name = Base; path = Base.lproj/LaunchScreen.storyboard; sourceTree = "<group>"; };
		29EE0A732C2755E000F5E249 /* Info.plist */ = {isa = PBXFileReference; lastKnownFileType = text.plist.xml; path = Info.plist; sourceTree = "<group>"; };
/* End PBXFileReference section */

/* Begin PBXFrameworksBuildPhase section */
		29EE0A5F2C2755DE00F5E249 /* Frameworks */ = {
			isa = PBXFrameworksBuildPhase;
			buildActionMask = 2147483647;
			files = (
			);
			runOnlyForDeploymentPostprocessing = 0;
		};
/* End PBXFrameworksBuildPhase section */

/* Begin PBXGroup section */
		29E6BC6F2C2A9653007AA71E /* Core */ = {
			isa = PBXGroup;
			children = (
				29EE0A692C2755DE00F5E249 /* RMTabViewController.swift */,
				29E6BC702C2A96A9007AA71E /* RMCharacterViewController.swift */,
				29E6BC722C2A96C2007AA71E /* RMLocationViewController.swift */,
				29E6BC742C2A96D9007AA71E /* RMEpisodeViewController.swift */,
				29E6BC762C2A96F1007AA71E /* RMSettingsViewController.swift */,
			);
			path = Core;
			sourceTree = "<group>";
		};
		29EE0A592C2755DE00F5E249 = {
			isa = PBXGroup;
			children = (
				29EE0A642C2755DE00F5E249 /* RickAndMortyAPI */,
				29EE0A632C2755DE00F5E249 /* Products */,
			);
			sourceTree = "<group>";
		};
		29EE0A632C2755DE00F5E249 /* Products */ = {
			isa = PBXGroup;
			children = (
				29EE0A622C2755DE00F5E249 /* RickAndMortyAPI.app */,
			);
			name = Products;
			sourceTree = "<group>";
		};
		29EE0A642C2755DE00F5E249 /* RickAndMortyAPI */ = {
			isa = PBXGroup;
			children = (
				29EE0A812C275C5100F5E249 /* Resources */,
				29EE0A7E2C275C1C00F5E249 /* APIClient */,
				29EE0A7D2C275C0F00F5E249 /* Managers */,
				29EE0A7C2C275BFF00F5E249 /* ViewModels */,
				29EE0A7B2C275BF300F5E249 /* Views */,
				29EE0A7A2C275BEA00F5E249 /* Models */,
				29EE0A792C275BCF00F5E249 /* Controllers */,
				29EE0A732C2755E000F5E249 /* Info.plist */,
			);
			path = RickAndMortyAPI;
			sourceTree = "<group>";
		};
		29EE0A792C275BCF00F5E249 /* Controllers */ = {
			isa = PBXGroup;
			children = (
				29E6BC6F2C2A9653007AA71E /* Core */,
			);
			path = Controllers;
			sourceTree = "<group>";
		};
		29EE0A7A2C275BEA00F5E249 /* Models */ = {
			isa = PBXGroup;
			children = (
				29E6BC692C2A95AA007AA71E /* RMLocation.swift */,
				29E6BC6B2C2A95C4007AA71E /* RMCharacter.swift */,
				29E6BC6D2C2A95DC007AA71E /* RMEpisode.swift */,
				297C8AC22C3F88D80025D508 /* RMOrigin.swift */,
				297C8AC42C3F896B0025D508 /* RMSingleLocation.swift */,
				297C8AC62C3F95E00025D508 /* RMCharacterStatus.swift */,
				297C8AC82C3F961D0025D508 /* RMCharacterGender.swift */,
			);
			path = Models;
			sourceTree = "<group>";
		};
		29EE0A7B2C275BF300F5E249 /* Views */ = {
			isa = PBXGroup;
			children = (
			);
			path = Views;
			sourceTree = "<group>";
		};
		29EE0A7C2C275BFF00F5E249 /* ViewModels */ = {
			isa = PBXGroup;
			children = (
			);
			path = ViewModels;
			sourceTree = "<group>";
		};
		29EE0A7D2C275C0F00F5E249 /* Managers */ = {
			isa = PBXGroup;
			children = (
			);
			path = Managers;
			sourceTree = "<group>";
		};
		29EE0A7E2C275C1C00F5E249 /* APIClient */ = {
			isa = PBXGroup;
			children = (
				29DC669C2C2B2CC5005F781C /* RMService.swift */,
				29DC669E2C2B2D06005F781C /* RMRequest.swift */,
				29CD3ECE2C2BCB03003573CB /* RMEndpoint.swift */,
			);
			path = APIClient;
			sourceTree = "<group>";
		};
		29EE0A812C275C5100F5E249 /* Resources */ = {
			isa = PBXGroup;
			children = (
				29EE0A6E2C2755E000F5E249 /* Assets.xcassets */,
				29EE0A702C2755E000F5E249 /* LaunchScreen.storyboard */,
				29EE0A652C2755DE00F5E249 /* AppDelegate.swift */,
				29EE0A672C2755DE00F5E249 /* SceneDelegate.swift */,
			);
			path = Resources;
			sourceTree = "<group>";
		};
/* End PBXGroup section */

/* Begin PBXNativeTarget section */
		29EE0A612C2755DE00F5E249 /* RickAndMortyAPI */ = {
			isa = PBXNativeTarget;
			buildConfigurationList = 29EE0A762C2755E000F5E249 /* Build configuration list for PBXNativeTarget "RickAndMortyAPI" */;
			buildPhases = (
				29EE0A5E2C2755DE00F5E249 /* Sources */,
				29EE0A5F2C2755DE00F5E249 /* Frameworks */,
				29EE0A602C2755DE00F5E249 /* Resources */,
			);
			buildRules = (
			);
			dependencies = (
			);
			name = RickAndMortyAPI;
			productName = RickAndMortyAPI;
			productReference = 29EE0A622C2755DE00F5E249 /* RickAndMortyAPI.app */;
			productType = "com.apple.product-type.application";
		};
/* End PBXNativeTarget section */

/* Begin PBXProject section */
		29EE0A5A2C2755DE00F5E249 /* Project object */ = {
			isa = PBXProject;
			attributes = {
				BuildIndependentTargetsInParallel = 1;
				LastSwiftUpdateCheck = 1540;
				LastUpgradeCheck = 1540;
				TargetAttributes = {
					29EE0A612C2755DE00F5E249 = {
						CreatedOnToolsVersion = 15.4;
					};
				};
			};
			buildConfigurationList = 29EE0A5D2C2755DE00F5E249 /* Build configuration list for PBXProject "RickAndMortyAPI" */;
			compatibilityVersion = "Xcode 14.0";
			developmentRegion = en;
			hasScannedForEncodings = 0;
			knownRegions = (
				en,
				Base,
			);
			mainGroup = 29EE0A592C2755DE00F5E249;
			productRefGroup = 29EE0A632C2755DE00F5E249 /* Products */;
			projectDirPath = "";
			projectRoot = "";
			targets = (
				29EE0A612C2755DE00F5E249 /* RickAndMortyAPI */,
			);
		};
/* End PBXProject section */

/* Begin PBXResourcesBuildPhase section */
		29EE0A602C2755DE00F5E249 /* Resources */ = {
			isa = PBXResourcesBuildPhase;
			buildActionMask = 2147483647;
			files = (
				29EE0A6F2C2755E000F5E249 /* Assets.xcassets in Resources */,
				29EE0A722C2755E000F5E249 /* Base in Resources */,
			);
			runOnlyForDeploymentPostprocessing = 0;
		};
/* End PBXResourcesBuildPhase section */

/* Begin PBXSourcesBuildPhase section */
		29EE0A5E2C2755DE00F5E249 /* Sources */ = {
			isa = PBXSourcesBuildPhase;
			buildActionMask = 2147483647;
			files = (
				297C8AC32C3F88D80025D508 /* RMOrigin.swift in Sources */,
				297C8AC52C3F896B0025D508 /* RMSingleLocation.swift in Sources */,
				297C8AC72C3F95E00025D508 /* RMCharacterStatus.swift in Sources */,
				297C8AC92C3F961D0025D508 /* RMCharacterGender.swift in Sources */,
				29E6BC732C2A96C2007AA71E /* RMLocationViewController.swift in Sources */,
				29E6BC6E2C2A95DC007AA71E /* RMEpisode.swift in Sources */,
				29EE0A6A2C2755DE00F5E249 /* RMTabViewController.swift in Sources */,
				29E6BC752C2A96D9007AA71E /* RMEpisodeViewController.swift in Sources */,
				29EE0A662C2755DE00F5E249 /* AppDelegate.swift in Sources */,
				29EE0A682C2755DE00F5E249 /* SceneDelegate.swift in Sources */,
				29E6BC772C2A96F1007AA71E /* RMSettingsViewController.swift in Sources */,
				29DC669D2C2B2CC5005F781C /* RMService.swift in Sources */,
				29E6BC6A2C2A95AA007AA71E /* RMLocation.swift in Sources */,
				29CD3ECF2C2BCB03003573CB /* RMEndpoint.swift in Sources */,
				29E6BC6C2C2A95C4007AA71E /* RMCharacter.swift in Sources */,
				29DC669F2C2B2D06005F781C /* RMRequest.swift in Sources */,
				29E6BC712C2A96A9007AA71E /* RMCharacterViewController.swift in Sources */,
			);
			runOnlyForDeploymentPostprocessing = 0;
		};
/* End PBXSourcesBuildPhase section */

/* Begin PBXVariantGroup section */
		29EE0A702C2755E000F5E249 /* LaunchScreen.storyboard */ = {
			isa = PBXVariantGroup;
			children = (
				29EE0A712C2755E000F5E249 /* Base */,
			);
			name = LaunchScreen.storyboard;
			sourceTree = "<group>";
		};
/* End PBXVariantGroup section */

/* Begin XCBuildConfiguration section */
		29EE0A742C2755E000F5E249 /* Debug */ = {
			isa = XCBuildConfiguration;
			buildSettings = {
				ALWAYS_SEARCH_USER_PATHS = NO;
				ASSETCATALOG_COMPILER_GENERATE_SWIFT_ASSET_SYMBOL_EXTENSIONS = YES;
				CLANG_ANALYZER_NONNULL = YES;
				CLANG_ANALYZER_NUMBER_OBJECT_CONVERSION = YES_AGGRESSIVE;
				CLANG_CXX_LANGUAGE_STANDARD = "gnu++20";
				CLANG_ENABLE_MODULES = YES;
				CLANG_ENABLE_OBJC_ARC = YES;
				CLANG_ENABLE_OBJC_WEAK = YES;
				CLANG_WARN_BLOCK_CAPTURE_AUTORELEASING = YES;
				CLANG_WARN_BOOL_CONVERSION = YES;
				CLANG_WARN_COMMA = YES;
				CLANG_WARN_CONSTANT_CONVERSION = YES;
				CLANG_WARN_DEPRECATED_OBJC_IMPLEMENTATIONS = YES;
				CLANG_WARN_DIRECT_OBJC_ISA_USAGE = YES_ERROR;
				CLANG_WARN_DOCUMENTATION_COMMENTS = YES;
				CLANG_WARN_EMPTY_BODY = YES;
				CLANG_WARN_ENUM_CONVERSION = YES;
				CLANG_WARN_INFINITE_RECURSION = YES;
				CLANG_WARN_INT_CONVERSION = YES;
				CLANG_WARN_NON_LITERAL_NULL_CONVERSION = YES;
				CLANG_WARN_OBJC_IMPLICIT_RETAIN_SELF = YES;
				CLANG_WARN_OBJC_LITERAL_CONVERSION = YES;
				CLANG_WARN_OBJC_ROOT_CLASS = YES_ERROR;
				CLANG_WARN_QUOTED_INCLUDE_IN_FRAMEWORK_HEADER = YES;
				CLANG_WARN_RANGE_LOOP_ANALYSIS = YES;
				CLANG_WARN_STRICT_PROTOTYPES = YES;
				CLANG_WARN_SUSPICIOUS_MOVE = YES;
				CLANG_WARN_UNGUARDED_AVAILABILITY = YES_AGGRESSIVE;
				CLANG_WARN_UNREACHABLE_CODE = YES;
				CLANG_WARN__DUPLICATE_METHOD_MATCH = YES;
				COPY_PHASE_STRIP = NO;
				DEBUG_INFORMATION_FORMAT = dwarf;
				ENABLE_STRICT_OBJC_MSGSEND = YES;
				ENABLE_TESTABILITY = YES;
				ENABLE_USER_SCRIPT_SANDBOXING = YES;
				GCC_C_LANGUAGE_STANDARD = gnu17;
				GCC_DYNAMIC_NO_PIC = NO;
				GCC_NO_COMMON_BLOCKS = YES;
				GCC_OPTIMIZATION_LEVEL = 0;
				GCC_PREPROCESSOR_DEFINITIONS = (
					"DEBUG=1",
					"$(inherited)",
				);
				GCC_WARN_64_TO_32_BIT_CONVERSION = YES;
				GCC_WARN_ABOUT_RETURN_TYPE = YES_ERROR;
				GCC_WARN_UNDECLARED_SELECTOR = YES;
				GCC_WARN_UNINITIALIZED_AUTOS = YES_AGGRESSIVE;
				GCC_WARN_UNUSED_FUNCTION = YES;
				GCC_WARN_UNUSED_VARIABLE = YES;
				IPHONEOS_DEPLOYMENT_TARGET = 17.5;
				LOCALIZATION_PREFERS_STRING_CATALOGS = YES;
				MTL_ENABLE_DEBUG_INFO = INCLUDE_SOURCE;
				MTL_FAST_MATH = YES;
				ONLY_ACTIVE_ARCH = YES;
				SDKROOT = iphoneos;
				SWIFT_ACTIVE_COMPILATION_CONDITIONS = "DEBUG $(inherited)";
				SWIFT_OPTIMIZATION_LEVEL = "-Onone";
			};
			name = Debug;
		};
		29EE0A752C2755E000F5E249 /* Release */ = {
			isa = XCBuildConfiguration;
			buildSettings = {
				ALWAYS_SEARCH_USER_PATHS = NO;
				ASSETCATALOG_COMPILER_GENERATE_SWIFT_ASSET_SYMBOL_EXTENSIONS = YES;
				CLANG_ANALYZER_NONNULL = YES;
				CLANG_ANALYZER_NUMBER_OBJECT_CONVERSION = YES_AGGRESSIVE;
				CLANG_CXX_LANGUAGE_STANDARD = "gnu++20";
				CLANG_ENABLE_MODULES = YES;
				CLANG_ENABLE_OBJC_ARC = YES;
				CLANG_ENABLE_OBJC_WEAK = YES;
				CLANG_WARN_BLOCK_CAPTURE_AUTORELEASING = YES;
				CLANG_WARN_BOOL_CONVERSION = YES;
				CLANG_WARN_COMMA = YES;
				CLANG_WARN_CONSTANT_CONVERSION = YES;
				CLANG_WARN_DEPRECATED_OBJC_IMPLEMENTATIONS = YES;
				CLANG_WARN_DIRECT_OBJC_ISA_USAGE = YES_ERROR;
				CLANG_WARN_DOCUMENTATION_COMMENTS = YES;
				CLANG_WARN_EMPTY_BODY = YES;
				CLANG_WARN_ENUM_CONVERSION = YES;
				CLANG_WARN_INFINITE_RECURSION = YES;
				CLANG_WARN_INT_CONVERSION = YES;
				CLANG_WARN_NON_LITERAL_NULL_CONVERSION = YES;
				CLANG_WARN_OBJC_IMPLICIT_RETAIN_SELF = YES;
				CLANG_WARN_OBJC_LITERAL_CONVERSION = YES;
				CLANG_WARN_OBJC_ROOT_CLASS = YES_ERROR;
				CLANG_WARN_QUOTED_INCLUDE_IN_FRAMEWORK_HEADER = YES;
				CLANG_WARN_RANGE_LOOP_ANALYSIS = YES;
				CLANG_WARN_STRICT_PROTOTYPES = YES;
				CLANG_WARN_SUSPICIOUS_MOVE = YES;
				CLANG_WARN_UNGUARDED_AVAILABILITY = YES_AGGRESSIVE;
				CLANG_WARN_UNREACHABLE_CODE = YES;
				CLANG_WARN__DUPLICATE_METHOD_MATCH = YES;
				COPY_PHASE_STRIP = NO;
				DEBUG_INFORMATION_FORMAT = "dwarf-with-dsym";
				ENABLE_NS_ASSERTIONS = NO;
				ENABLE_STRICT_OBJC_MSGSEND = YES;
				ENABLE_USER_SCRIPT_SANDBOXING = YES;
				GCC_C_LANGUAGE_STANDARD = gnu17;
				GCC_NO_COMMON_BLOCKS = YES;
				GCC_WARN_64_TO_32_BIT_CONVERSION = YES;
				GCC_WARN_ABOUT_RETURN_TYPE = YES_ERROR;
				GCC_WARN_UNDECLARED_SELECTOR = YES;
				GCC_WARN_UNINITIALIZED_AUTOS = YES_AGGRESSIVE;
				GCC_WARN_UNUSED_FUNCTION = YES;
				GCC_WARN_UNUSED_VARIABLE = YES;
				IPHONEOS_DEPLOYMENT_TARGET = 17.5;
				LOCALIZATION_PREFERS_STRING_CATALOGS = YES;
				MTL_ENABLE_DEBUG_INFO = NO;
				MTL_FAST_MATH = YES;
				SDKROOT = iphoneos;
				SWIFT_COMPILATION_MODE = wholemodule;
				VALIDATE_PRODUCT = YES;
			};
			name = Release;
		};
		29EE0A772C2755E000F5E249 /* Debug */ = {
			isa = XCBuildConfiguration;
			buildSettings = {
				ASSETCATALOG_COMPILER_APPICON_NAME = AppIcon;
				ASSETCATALOG_COMPILER_GLOBAL_ACCENT_COLOR_NAME = AccentColor;
				CODE_SIGN_STYLE = Automatic;
				CURRENT_PROJECT_VERSION = 1;
				DEVELOPMENT_TEAM = Y75K24FBHJ;
				GENERATE_INFOPLIST_FILE = YES;
				INFOPLIST_FILE = RickAndMortyAPI/Info.plist;
				INFOPLIST_KEY_UIApplicationSupportsIndirectInputEvents = YES;
				INFOPLIST_KEY_UILaunchStoryboardName = LaunchScreen;
				INFOPLIST_KEY_UISupportedInterfaceOrientations_iPad = "UIInterfaceOrientationPortrait UIInterfaceOrientationPortraitUpsideDown UIInterfaceOrientationLandscapeLeft UIInterfaceOrientationLandscapeRight";
				INFOPLIST_KEY_UISupportedInterfaceOrientations_iPhone = "UIInterfaceOrientationPortrait UIInterfaceOrientationLandscapeLeft UIInterfaceOrientationLandscapeRight";
				LD_RUNPATH_SEARCH_PATHS = (
					"$(inherited)",
					"@executable_path/Frameworks",
				);
				MARKETING_VERSION = 1.0;
				PRODUCT_BUNDLE_IDENTIFIER = com.proyectos.RickAndMortyAPI;
				PRODUCT_NAME = "$(TARGET_NAME)";
				SWIFT_EMIT_LOC_STRINGS = YES;
				SWIFT_VERSION = 5.0;
				TARGETED_DEVICE_FAMILY = "1,2";
			};
			name = Debug;
		};
		29EE0A782C2755E000F5E249 /* Release */ = {
			isa = XCBuildConfiguration;
			buildSettings = {
				ASSETCATALOG_COMPILER_APPICON_NAME = AppIcon;
				ASSETCATALOG_COMPILER_GLOBAL_ACCENT_COLOR_NAME = AccentColor;
				CODE_SIGN_STYLE = Automatic;
				CURRENT_PROJECT_VERSION = 1;
				DEVELOPMENT_TEAM = Y75K24FBHJ;
				GENERATE_INFOPLIST_FILE = YES;
				INFOPLIST_FILE = RickAndMortyAPI/Info.plist;
				INFOPLIST_KEY_UIApplicationSupportsIndirectInputEvents = YES;
				INFOPLIST_KEY_UILaunchStoryboardName = LaunchScreen;
				INFOPLIST_KEY_UISupportedInterfaceOrientations_iPad = "UIInterfaceOrientationPortrait UIInterfaceOrientationPortraitUpsideDown UIInterfaceOrientationLandscapeLeft UIInterfaceOrientationLandscapeRight";
				INFOPLIST_KEY_UISupportedInterfaceOrientations_iPhone = "UIInterfaceOrientationPortrait UIInterfaceOrientationLandscapeLeft UIInterfaceOrientationLandscapeRight";
				LD_RUNPATH_SEARCH_PATHS = (
					"$(inherited)",
					"@executable_path/Frameworks",
				);
				MARKETING_VERSION = 1.0;
				PRODUCT_BUNDLE_IDENTIFIER = com.proyectos.RickAndMortyAPI;
				PRODUCT_NAME = "$(TARGET_NAME)";
				SWIFT_EMIT_LOC_STRINGS = YES;
				SWIFT_VERSION = 5.0;
				TARGETED_DEVICE_FAMILY = "1,2";
			};
			name = Release;
		};
/* End XCBuildConfiguration section */

/* Begin XCConfigurationList section */
		29EE0A5D2C2755DE00F5E249 /* Build configuration list for PBXProject "RickAndMortyAPI" */ = {
			isa = XCConfigurationList;
			buildConfigurations = (
				29EE0A742C2755E000F5E249 /* Debug */,
				29EE0A752C2755E000F5E249 /* Release */,
			);
			defaultConfigurationIsVisible = 0;
			defaultConfigurationName = Release;
		};
		29EE0A762C2755E000F5E249 /* Build configuration list for PBXNativeTarget "RickAndMortyAPI" */ = {
			isa = XCConfigurationList;
			buildConfigurations = (
				29EE0A772C2755E000F5E249 /* Debug */,
				29EE0A782C2755E000F5E249 /* Release */,
			);
			defaultConfigurationIsVisible = 0;
			defaultConfigurationName = Release;
		};
/* End XCConfigurationList section */
	};
	rootObject = 29EE0A5A2C2755DE00F5E249 /* Project object */;
}
